// !$*UTF8*$!
{
	archiveVersion = 1;
	classes = {
	};
	objectVersion = 46;
	objects = {

/* Begin PBXBuildFile section */
		30EB36B71B3A508E00E837F0 /* main.c in Sources */ = {isa = PBXBuildFile; fileRef = 30EB36B61B3A508E00E837F0 /* main.c */; };
		30EB36BF1B3A531300E837F0 /* Algorithm.c in Sources */ = {isa = PBXBuildFile; fileRef = 30EB36BD1B3A531300E837F0 /* Algorithm.c */; };
/* End PBXBuildFile section */

/* Begin PBXCopyFilesBuildPhase section */
		30EB36B11B3A508E00E837F0 /* CopyFiles */ = {
			isa = PBXCopyFilesBuildPhase;
			buildActionMask = 2147483647;
			dstPath = /usr/share/man/man1/;
			dstSubfolderSpec = 0;
			files = (
			);
			runOnlyForDeploymentPostprocessing = 1;
		};
/* End PBXCopyFilesBuildPhase section */

/* Begin PBXFileReference section */
		30EB36B31B3A508E00E837F0 /* C语言算法 */ = {isa = PBXFileReference; explicitFileType = "compiled.mach-o.executable"; includeInIndex = 0; path = "C语言算法"; sourceTree = BUILT_PRODUCTS_DIR; };
		30EB36B61B3A508E00E837F0 /* main.c */ = {isa = PBXFileReference; lastKnownFileType = sourcecode.c.c; path = main.c; sourceTree = "<group>"; };
		30EB36BD1B3A531300E837F0 /* Algorithm.c */ = {isa = PBXFileReference; fileEncoding = 4; lastKnownFileType = sourcecode.c.c; path = Algorithm.c; sourceTree = "<group>"; };
		30EB36BE1B3A531300E837F0 /* Algorithm.h */ = {isa = PBXFileReference; fileEncoding = 4; lastKnownFileType = sourcecode.c.h; path = Algorithm.h; sourceTree = "<group>"; };
/* End PBXFileReference section */

/* Begin PBXFrameworksBuildPhase section */
		30EB36B01B3A508E00E837F0 /* Frameworks */ = {
			isa = PBXFrameworksBuildPhase;
			buildActionMask = 2147483647;
			files = (
			);
			runOnlyForDeploymentPostprocessing = 0;
		};
/* End PBXFrameworksBuildPhase section */

/* Begin PBXGroup section */
		30EB36AA1B3A508D00E837F0 = {
			isa = PBXGroup;
			children = (
				30EB36B51B3A508E00E837F0 /* C语言算法 */,
				30EB36B41B3A508E00E837F0 /* Products */,
			);
			sourceTree = "<group>";
		};
		30EB36B41B3A508E00E837F0 /* Products */ = {
			isa = PBXGroup;
			children = (
				30EB36B31B3A508E00E837F0 /* C语言算法 */,
			);
			name = Products;
			sourceTree = "<group>";
		};
		30EB36B51B3A508E00E837F0 /* C语言算法 */ = {
			isa = PBXGroup;
			children = (
				30EB36B61B3A508E00E837F0 /* main.c */,
				30EB36BE1B3A531300E837F0 /* Algorithm.h */,
				30EB36BD1B3A531300E837F0 /* Algorithm.c */,
			);
			path = "C语言算法";
			sourceTree = "<group>";
		};
/* End PBXGroup section */

/* Begin PBXNativeTarget section */
		30EB36B21B3A508E00E837F0 /* C语言算法 */ = {
			isa = PBXNativeTarget;
			buildConfigurationList = 30EB36BA1B3A508E00E837F0 /* Build configuration list for PBXNativeTarget "C语言算法" */;
			buildPhases = (
				30EB36AF1B3A508E00E837F0 /* Sources */,
				30EB36B01B3A508E00E837F0 /* Frameworks */,
				30EB36B11B3A508E00E837F0 /* CopyFiles */,
			);
			buildRules = (
			);
			dependencies = (
			);
			name = "C语言算法";
			productName = "C语言算法";
			productReference = 30EB36B31B3A508E00E837F0 /* C语言算法 */;
			productType = "com.apple.product-type.tool";
		};
/* End PBXNativeTarget section */

/* Begin PBXProject section */
		30EB36AB1B3A508D00E837F0 /* Project object */ = {
			isa = PBXProject;
			attributes = {
				LastUpgradeCheck = 0630;
				ORGANIZATIONNAME = changpengkai;
				TargetAttributes = {
					30EB36B21B3A508E00E837F0 = {
						CreatedOnToolsVersion = 6.3.1;
					};
				};
			};
			buildConfigurationList = 30EB36AE1B3A508D00E837F0 /* Build configuration list for PBXProject "C语言算法" */;
			compatibilityVersion = "Xcode 3.2";
			developmentRegion = English;
			hasScannedForEncodings = 0;
			knownRegions = (
				en,
			);
			mainGroup = 30EB36AA1B3A508D00E837F0;
			productRefGroup = 30EB36B41B3A508E00E837F0 /* Products */;
			projectDirPath = "";
			projectRoot = "";
			targets = (
				30EB36B21B3A508E00E837F0 /* C语言算法 */,
			);
		};
/* End PBXProject section */

/* Begin PBXSourcesBuildPhase section */
		30EB36AF1B3A508E00E837F0 /* Sources */ = {
			isa = PBXSourcesBuildPhase;
			buildActionMask = 2147483647;
			files = (
				30EB36B71B3A508E00E837F0 /* main.c in Sources */,
				30EB36BF1B3A531300E837F0 /* Algorithm.c in Sources */,
			);
			runOnlyForDeploymentPostprocessing = 0;
		};
/* End PBXSourcesBuildPhase section */

/* Begin XCBuildConfiguration section */
		30EB36B81B3A508E00E837F0 /* Debug */ = {
			isa = XCBuildConfiguration;
			buildSettings = {
				ALWAYS_SEARCH_USER_PATHS = NO;
				CLANG_CXX_LANGUAGE_STANDARD = "gnu++0x";
				CLANG_CXX_LIBRARY = "libc++";
				CLANG_ENABLE_MODULES = YES;
				CLANG_ENABLE_OBJC_ARC = YES;
				CLANG_WARN_BOOL_CONVERSION = YES;
				CLANG_WARN_CONSTANT_CONVERSION = YES;
				CLANG_WARN_DIRECT_OBJC_ISA_USAGE = YES_ERROR;
				CLANG_WARN_EMPTY_BODY = YES;
				CLANG_WARN_ENUM_CONVERSION = YES;
				CLANG_WARN_INT_CONVERSION = YES;
				CLANG_WARN_OBJC_ROOT_CLASS = YES_ERROR;
				CLANG_WARN_UNREACHABLE_CODE = YES;
				CLANG_WARN__DUPLICATE_METHOD_MATCH = YES;
				COPY_PHASE_STRIP = NO;
				DEBUG_INFORMATION_FORMAT = dwarf;
				ENABLE_STRICT_OBJC_MSGSEND = YES;
				GCC_C_LANGUAGE_STANDARD = gnu99;
				GCC_DYNAMIC_NO_PIC = NO;
				GCC_NO_COMMON_BLOCKS = YES;
				GCC_OPTIMIZATION_LEVEL = 0;
				GCC_PREPROCESSOR_DEFINITIONS = (
					"DEBUG=1",
					"$(inherited)",
				);
				GCC_SYMBOLS_PRIVATE_EXTERN = NO;
				GCC_WARN_64_TO_32_BIT_CONVERSION = YES;
				GCC_WARN_ABOUT_RETURN_TYPE = YES_ERROR;
				GCC_WARN_UNDECLARED_SELECTOR = YES;
				GCC_WARN_UNINITIALIZED_AUTOS = YES_AGGRESSIVE;
				GCC_WARN_UNUSED_FUNCTION = YES;
				GCC_WARN_UNUSED_VARIABLE = YES;
				MACOSX_DEPLOYMENT_TARGET = 10.10;
				MTL_ENABLE_DEBUG_INFO = YES;
				ONLY_ACTIVE_ARCH = YES;
				SDKROOT = macosx;
			};
			name = Debug;
		};
		30EB36B91B3A508E00E837F0 /* Release */ = {
			isa = XCBuildConfiguration;
			buildSettings = {
				ALWAYS_SEARCH_USER_PATHS = NO;
				CLANG_CXX_LANGUAGE_STANDARD = "gnu++0x";
				CLANG_CXX_LIBRARY = "libc++";
				CLANG_ENABLE_MODULES = YES;
				CLANG_ENABLE_OBJC_ARC = YES;
				CLANG_WARN_BOOL_CONVERSION = YES;
				CLANG_WARN_CONSTANT_CONVERSION = YES;
				CLANG_WARN_DIRECT_OBJC_ISA_USAGE = YES_ERROR;
				CLANG_WARN_EMPTY_BODY = YES;
				CLANG_WARN_ENUM_CONVERSION = YES;
				CLANG_WARN_INT_CONVERSION = YES;
				CLANG_WARN_OBJC_ROOT_CLASS = YES_ERROR;
				CLANG_WARN_UNREACHABLE_CODE = YES;
				CLANG_WARN__DUPLICATE_METHOD_MATCH = YES;
				COPY_PHASE_STRIP = NO;
				DEBUG_INFORMATION_FORMAT = "dwarf-with-dsym";
				ENABLE_NS_ASSERTIONS = NO;
				ENABLE_STRICT_OBJC_MSGSEND = YES;
				GCC_C_LANGUAGE_STANDARD = gnu99;
				GCC_NO_COMMON_BLOCKS = YES;
				GCC_WARN_64_TO_32_BIT_CONVERSION = YES;
				GCC_WARN_ABOUT_RETURN_TYPE = YES_ERROR;
				GCC_WARN_UNDECLARED_SELECTOR = YES;
				GCC_WARN_UNINITIALIZED_AUTOS = YES_AGGRESSIVE;
				GCC_WARN_UNUSED_FUNCTION = YES;
				GCC_WARN_UNUSED_VARIABLE = YES;
				MACOSX_DEPLOYMENT_TARGET = 10.10;
				MTL_ENABLE_DEBUG_INFO = NO;
				SDKROOT = macosx;
			};
			name = Release;
		};
		30EB36BB1B3A508E00E837F0 /* Debug */ = {
			isa = XCBuildConfiguration;
			buildSettings = {
				PRODUCT_NAME = "$(TARGET_NAME)";
			};
			name = Debug;
		};
		30EB36BC1B3A508E00E837F0 /* Release */ = {
			isa = XCBuildConfiguration;
			buildSettings = {
				PRODUCT_NAME = "$(TARGET_NAME)";
			};
			name = Release;
		};
/* End XCBuildConfiguration section */

/* Begin XCConfigurationList section */
		30EB36AE1B3A508D00E837F0 /* Build configuration list for PBXProject "C语言算法" */ = {
			isa = XCConfigurationList;
			buildConfigurations = (
				30EB36B81B3A508E00E837F0 /* Debug */,
				30EB36B91B3A508E00E837F0 /* Release */,
			);
			defaultConfigurationIsVisible = 0;
			defaultConfigurationName = Release;
		};
		30EB36BA1B3A508E00E837F0 /* Build configuration list for PBXNativeTarget "C语言算法" */ = {
			isa = XCConfigurationList;
			buildConfigurations = (
				30EB36BB1B3A508E00E837F0 /* Debug */,
				30EB36BC1B3A508E00E837F0 /* Release */,
			);
			defaultConfigurationIsVisible = 0;
		};
/* End XCConfigurationList section */
	};
	rootObject = 30EB36AB1B3A508D00E837F0 /* Project object */;
}
